// !$*UTF8*$!
{
	archiveVersion = 1;
	classes = {
	};
	objectVersion = 46;
	objects = {

/* Begin PBXBuildFile section */
		A10E73F11CC9284D006D0E9F /* FLFlickrFetcher.h in Headers */ = {isa = PBXBuildFile; fileRef = A10E73E91CC9284D006D0E9F /* FLFlickrFetcher.h */; };
		A10E73F21CC9284D006D0E9F /* FLFlickrFetcher.m in Sources */ = {isa = PBXBuildFile; fileRef = A10E73EA1CC9284D006D0E9F /* FLFlickrFetcher.m */; };
		A10E73F31CC9284D006D0E9F /* FLFlickrPhoto.h in Headers */ = {isa = PBXBuildFile; fileRef = A10E73EB1CC9284D006D0E9F /* FLFlickrPhoto.h */; };
		A10E73F41CC9284D006D0E9F /* FLFlickrPhoto.m in Sources */ = {isa = PBXBuildFile; fileRef = A10E73EC1CC9284D006D0E9F /* FLFlickrPhoto.m */; };
		A10E73F51CC9284D006D0E9F /* FLFlickrPlace.h in Headers */ = {isa = PBXBuildFile; fileRef = A10E73ED1CC9284D006D0E9F /* FLFlickrPlace.h */; };
		A10E73F61CC9284D006D0E9F /* FLFlickrPlace.m in Sources */ = {isa = PBXBuildFile; fileRef = A10E73EE1CC9284D006D0E9F /* FLFlickrPlace.m */; };
		A10E73F71CC9284D006D0E9F /* FLFlickrURLMaker.h in Headers */ = {isa = PBXBuildFile; fileRef = A10E73EF1CC9284D006D0E9F /* FLFlickrURLMaker.h */; };
		A10E73F81CC9284D006D0E9F /* FLFlickrURLMaker.m in Sources */ = {isa = PBXBuildFile; fileRef = A10E73F01CC9284D006D0E9F /* FLFlickrURLMaker.m */; };
/* End PBXBuildFile section */

/* Begin PBXFileReference section */
		A10E73E71CC92452006D0E9F /* FlickrFetcher-Prefix.pch */ = {isa = PBXFileReference; lastKnownFileType = sourcecode.c.h; path = "FlickrFetcher-Prefix.pch"; sourceTree = "<group>"; };
		A10E73E91CC9284D006D0E9F /* FLFlickrFetcher.h */ = {isa = PBXFileReference; fileEncoding = 4; lastKnownFileType = sourcecode.c.h; path = FLFlickrFetcher.h; sourceTree = "<group>"; };
		A10E73EA1CC9284D006D0E9F /* FLFlickrFetcher.m */ = {isa = PBXFileReference; fileEncoding = 4; lastKnownFileType = sourcecode.c.objc; path = FLFlickrFetcher.m; sourceTree = "<group>"; };
		A10E73EB1CC9284D006D0E9F /* FLFlickrPhoto.h */ = {isa = PBXFileReference; fileEncoding = 4; lastKnownFileType = sourcecode.c.h; path = FLFlickrPhoto.h; sourceTree = "<group>"; };
		A10E73EC1CC9284D006D0E9F /* FLFlickrPhoto.m */ = {isa = PBXFileReference; fileEncoding = 4; lastKnownFileType = sourcecode.c.objc; path = FLFlickrPhoto.m; sourceTree = "<group>"; };
		A10E73ED1CC9284D006D0E9F /* FLFlickrPlace.h */ = {isa = PBXFileReference; fileEncoding = 4; lastKnownFileType = sourcecode.c.h; path = FLFlickrPlace.h; sourceTree = "<group>"; };
		A10E73EE1CC9284D006D0E9F /* FLFlickrPlace.m */ = {isa = PBXFileReference; fileEncoding = 4; lastKnownFileType = sourcecode.c.objc; path = FLFlickrPlace.m; sourceTree = "<group>"; };
		A10E73EF1CC9284D006D0E9F /* FLFlickrURLMaker.h */ = {isa = PBXFileReference; fileEncoding = 4; lastKnownFileType = sourcecode.c.h; path = FLFlickrURLMaker.h; sourceTree = "<group>"; };
		A10E73F01CC9284D006D0E9F /* FLFlickrURLMaker.m */ = {isa = PBXFileReference; fileEncoding = 4; lastKnownFileType = sourcecode.c.objc; path = FLFlickrURLMaker.m; sourceTree = "<group>"; };
		A146F73A1CC3B43100464028 /* FlickrFetcher.framework */ = {isa = PBXFileReference; explicitFileType = wrapper.framework; includeInIndex = 0; path = FlickrFetcher.framework; sourceTree = BUILT_PRODUCTS_DIR; };
		A146F73F1CC3B43100464028 /* Info.plist */ = {isa = PBXFileReference; lastKnownFileType = text.plist.xml; path = Info.plist; sourceTree = "<group>"; };
/* End PBXFileReference section */

/* Begin PBXFrameworksBuildPhase section */
		A146F7361CC3B43100464028 /* Frameworks */ = {
			isa = PBXFrameworksBuildPhase;
			buildActionMask = 2147483647;
			files = (
			);
			runOnlyForDeploymentPostprocessing = 0;
		};
/* End PBXFrameworksBuildPhase section */

/* Begin PBXGroup section */
		A146F7301CC3B43100464028 = {
			isa = PBXGroup;
			children = (
				A146F73C1CC3B43100464028 /* FlickrFetcher */,
				A146F73B1CC3B43100464028 /* Products */,
			);
			sourceTree = "<group>";
		};
		A146F73B1CC3B43100464028 /* Products */ = {
			isa = PBXGroup;
			children = (
				A146F73A1CC3B43100464028 /* FlickrFetcher.framework */,
			);
			name = Products;
			sourceTree = "<group>";
		};
		A146F73C1CC3B43100464028 /* FlickrFetcher */ = {
			isa = PBXGroup;
			children = (
				A10E73E91CC9284D006D0E9F /* FLFlickrFetcher.h */,
				A10E73EA1CC9284D006D0E9F /* FLFlickrFetcher.m */,
				A10E73EB1CC9284D006D0E9F /* FLFlickrPhoto.h */,
				A10E73EC1CC9284D006D0E9F /* FLFlickrPhoto.m */,
				A10E73ED1CC9284D006D0E9F /* FLFlickrPlace.h */,
				A10E73EE1CC9284D006D0E9F /* FLFlickrPlace.m */,
				A10E73EF1CC9284D006D0E9F /* FLFlickrURLMaker.h */,
				A10E73F01CC9284D006D0E9F /* FLFlickrURLMaker.m */,
				A146F73F1CC3B43100464028 /* Info.plist */,
				A10E73E71CC92452006D0E9F /* FlickrFetcher-Prefix.pch */,
			);
			path = FlickrFetcher;
			sourceTree = "<group>";
		};
/* End PBXGroup section */

/* Begin PBXHeadersBuildPhase section */
		A146F7371CC3B43100464028 /* Headers */ = {
			isa = PBXHeadersBuildPhase;
			buildActionMask = 2147483647;
			files = (
				A10E73F71CC9284D006D0E9F /* FLFlickrURLMaker.h in Headers */,
				A10E73F31CC9284D006D0E9F /* FLFlickrPhoto.h in Headers */,
				A10E73F51CC9284D006D0E9F /* FLFlickrPlace.h in Headers */,
				A10E73F11CC9284D006D0E9F /* FLFlickrFetcher.h in Headers */,
			);
			runOnlyForDeploymentPostprocessing = 0;
		};
/* End PBXHeadersBuildPhase section */

/* Begin PBXNativeTarget section */
		A146F7391CC3B43100464028 /* FlickrFetcher */ = {
			isa = PBXNativeTarget;
			buildConfigurationList = A146F7421CC3B43100464028 /* Build configuration list for PBXNativeTarget "FlickrFetcher" */;
			buildPhases = (
				A146F7351CC3B43100464028 /* Sources */,
				A146F7361CC3B43100464028 /* Frameworks */,
				A146F7371CC3B43100464028 /* Headers */,
				A146F7381CC3B43100464028 /* Resources */,
			);
			buildRules = (
			);
			dependencies = (
			);
			name = FlickrFetcher;
			productName = FlickrFetcher;
			productReference = A146F73A1CC3B43100464028 /* FlickrFetcher.framework */;
			productType = "com.apple.product-type.framework";
		};
/* End PBXNativeTarget section */

/* Begin PBXProject section */
		A146F7311CC3B43100464028 /* Project object */ = {
			isa = PBXProject;
			attributes = {
				LastUpgradeCheck = 0730;
				ORGANIZATIONNAME = "Boris Talesnik";
				TargetAttributes = {
					A146F7391CC3B43100464028 = {
						CreatedOnToolsVersion = 7.3;
					};
				};
			};
			buildConfigurationList = A146F7341CC3B43100464028 /* Build configuration list for PBXProject "FlickrFetcher" */;
			compatibilityVersion = "Xcode 3.2";
			developmentRegion = English;
			hasScannedForEncodings = 0;
			knownRegions = (
				en,
			);
			mainGroup = A146F7301CC3B43100464028;
			productRefGroup = A146F73B1CC3B43100464028 /* Products */;
			projectDirPath = "";
			projectRoot = "";
			targets = (
				A146F7391CC3B43100464028 /* FlickrFetcher */,
			);
		};
/* End PBXProject section */

/* Begin PBXResourcesBuildPhase section */
		A146F7381CC3B43100464028 /* Resources */ = {
			isa = PBXResourcesBuildPhase;
			buildActionMask = 2147483647;
			files = (
			);
			runOnlyForDeploymentPostprocessing = 0;
		};
/* End PBXResourcesBuildPhase section */

/* Begin PBXSourcesBuildPhase section */
		A146F7351CC3B43100464028 /* Sources */ = {
			isa = PBXSourcesBuildPhase;
			buildActionMask = 2147483647;
			files = (
				A10E73F21CC9284D006D0E9F /* FLFlickrFetcher.m in Sources */,
				A10E73F41CC9284D006D0E9F /* FLFlickrPhoto.m in Sources */,
				A10E73F81CC9284D006D0E9F /* FLFlickrURLMaker.m in Sources */,
				A10E73F61CC9284D006D0E9F /* FLFlickrPlace.m in Sources */,
			);
			runOnlyForDeploymentPostprocessing = 0;
		};
/* End PBXSourcesBuildPhase section */

/* Begin XCBuildConfiguration section */
		A146F7401CC3B43100464028 /* Debug */ = {
			isa = XCBuildConfiguration;
			buildSettings = {
				ALWAYS_SEARCH_USER_PATHS = NO;
				CLANG_ANALYZER_NONNULL = YES;
				CLANG_CXX_LANGUAGE_STANDARD = "gnu++0x";
				CLANG_CXX_LIBRARY = "libc++";
				CLANG_ENABLE_MODULES = YES;
				CLANG_ENABLE_OBJC_ARC = YES;
				CLANG_WARN_BOOL_CONVERSION = YES;
				CLANG_WARN_CONSTANT_CONVERSION = YES;
				CLANG_WARN_DIRECT_OBJC_ISA_USAGE = YES_ERROR;
				CLANG_WARN_EMPTY_BODY = YES;
				CLANG_WARN_ENUM_CONVERSION = YES;
				CLANG_WARN_INT_CONVERSION = YES;
				CLANG_WARN_OBJC_ROOT_CLASS = YES_ERROR;
				CLANG_WARN_UNREACHABLE_CODE = YES;
				CLANG_WARN__DUPLICATE_METHOD_MATCH = YES;
				"CODE_SIGN_IDENTITY[sdk=iphoneos*]" = "iPhone Developer";
				COPY_PHASE_STRIP = NO;
				CURRENT_PROJECT_VERSION = 1;
				DEBUG_INFORMATION_FORMAT = dwarf;
				ENABLE_STRICT_OBJC_MSGSEND = YES;
				ENABLE_TESTABILITY = YES;
				GCC_C_LANGUAGE_STANDARD = gnu99;
				GCC_DYNAMIC_NO_PIC = NO;
				GCC_NO_COMMON_BLOCKS = YES;
				GCC_OPTIMIZATION_LEVEL = 0;
				GCC_PREPROCESSOR_DEFINITIONS = (
					"DEBUG=1",
					"$(inherited)",
				);
				GCC_WARN_64_TO_32_BIT_CONVERSION = YES;
				GCC_WARN_ABOUT_RETURN_TYPE = YES_ERROR;
				GCC_WARN_UNDECLARED_SELECTOR = YES;
				GCC_WARN_UNINITIALIZED_AUTOS = YES_AGGRESSIVE;
				GCC_WARN_UNUSED_FUNCTION = YES;
				GCC_WARN_UNUSED_VARIABLE = YES;
				IPHONEOS_DEPLOYMENT_TARGET = 9.3;
				MTL_ENABLE_DEBUG_INFO = YES;
				ONLY_ACTIVE_ARCH = YES;
				SDKROOT = iphoneos;
				TARGETED_DEVICE_FAMILY = "1,2";
				VERSIONING_SYSTEM = "apple-generic";
				VERSION_INFO_PREFIX = "";
			};
			name = Debug;
		};
		A146F7411CC3B43100464028 /* Release */ = {
			isa = XCBuildConfiguration;
			buildSettings = {
				ALWAYS_SEARCH_USER_PATHS = NO;
				CLANG_ANALYZER_NONNULL = YES;
				CLANG_CXX_LANGUAGE_STANDARD = "gnu++0x";
				CLANG_CXX_LIBRARY = "libc++";
				CLANG_ENABLE_MODULES = YES;
				CLANG_ENABLE_OBJC_ARC = YES;
				CLANG_WARN_BOOL_CONVERSION = YES;
				CLANG_WARN_CONSTANT_CONVERSION = YES;
				CLANG_WARN_DIRECT_OBJC_ISA_USAGE = YES_ERROR;
				CLANG_WARN_EMPTY_BODY = YES;
				CLANG_WARN_ENUM_CONVERSION = YES;
				CLANG_WARN_INT_CONVERSION = YES;
				CLANG_WARN_OBJC_ROOT_CLASS = YES_ERROR;
				CLANG_WARN_UNREACHABLE_CODE = YES;
				CLANG_WARN__DUPLICATE_METHOD_MATCH = YES;
				"CODE_SIGN_IDENTITY[sdk=iphoneos*]" = "iPhone Developer";
				COPY_PHASE_STRIP = NO;
				CURRENT_PROJECT_VERSION = 1;
				DEBUG_INFORMATION_FORMAT = "dwarf-with-dsym";
				ENABLE_NS_ASSERTIONS = NO;
				ENABLE_STRICT_OBJC_MSGSEND = YES;
				GCC_C_LANGUAGE_STANDARD = gnu99;
				GCC_NO_COMMON_BLOCKS = YES;
				GCC_WARN_64_TO_32_BIT_CONVERSION = YES;
				GCC_WARN_ABOUT_RETURN_TYPE = YES_ERROR;
				GCC_WARN_UNDECLARED_SELECTOR = YES;
				GCC_WARN_UNINITIALIZED_AUTOS = YES_AGGRESSIVE;
				GCC_WARN_UNUSED_FUNCTION = YES;
				GCC_WARN_UNUSED_VARIABLE = YES;
				IPHONEOS_DEPLOYMENT_TARGET = 9.3;
				MTL_ENABLE_DEBUG_INFO = NO;
				SDKROOT = iphoneos;
				TARGETED_DEVICE_FAMILY = "1,2";
				VALIDATE_PRODUCT = YES;
				VERSIONING_SYSTEM = "apple-generic";
				VERSION_INFO_PREFIX = "";
			};
			name = Release;
		};
		A146F7431CC3B43100464028 /* Debug */ = {
			isa = XCBuildConfiguration;
			buildSettings = {
				DEFINES_MODULE = YES;
				DYLIB_COMPATIBILITY_VERSION = 1;
				DYLIB_CURRENT_VERSION = 1;
				DYLIB_INSTALL_NAME_BASE = "@rpath";
				GCC_PRECOMPILE_PREFIX_HEADER = YES;
				GCC_PREFIX_HEADER = "${PROJECT_DIR}/FlickrFetcher/FlickrFetcher-Prefix.pch";
				INFOPLIST_FILE = FlickrFetcher/Info.plist;
				INSTALL_PATH = "$(LOCAL_LIBRARY_DIR)/Frameworks";
				LD_RUNPATH_SEARCH_PATHS = "$(inherited) @executable_path/Frameworks @loader_path/Frameworks";
				PRODUCT_BUNDLE_IDENTIFIER = LT.FlickrFetcher;
				PRODUCT_NAME = "$(TARGET_NAME)";
				SKIP_INSTALL = YES;
			};
			name = Debug;
		};
		A146F7441CC3B43100464028 /* Release */ = {
			isa = XCBuildConfiguration;
			buildSettings = {
				DEFINES_MODULE = YES;
				DYLIB_COMPATIBILITY_VERSION = 1;
				DYLIB_CURRENT_VERSION = 1;
				DYLIB_INSTALL_NAME_BASE = "@rpath";
				GCC_PRECOMPILE_PREFIX_HEADER = YES;
				GCC_PREFIX_HEADER = "${PROJECT_DIR}/FlickrFetcher/FlickrFetcher-Prefix.pch";
				INFOPLIST_FILE = FlickrFetcher/Info.plist;
				INSTALL_PATH = "$(LOCAL_LIBRARY_DIR)/Frameworks";
				LD_RUNPATH_SEARCH_PATHS = "$(inherited) @executable_path/Frameworks @loader_path/Frameworks";
				PRODUCT_BUNDLE_IDENTIFIER = LT.FlickrFetcher;
				PRODUCT_NAME = "$(TARGET_NAME)";
				SKIP_INSTALL = YES;
			};
			name = Release;
		};
/* End XCBuildConfiguration section */

/* Begin XCConfigurationList section */
		A146F7341CC3B43100464028 /* Build configuration list for PBXProject "FlickrFetcher" */ = {
			isa = XCConfigurationList;
			buildConfigurations = (
				A146F7401CC3B43100464028 /* Debug */,
				A146F7411CC3B43100464028 /* Release */,
			);
			defaultConfigurationIsVisible = 0;
			defaultConfigurationName = Release;
		};
		A146F7421CC3B43100464028 /* Build configuration list for PBXNativeTarget "FlickrFetcher" */ = {
			isa = XCConfigurationList;
			buildConfigurations = (
				A146F7431CC3B43100464028 /* Debug */,
				A146F7441CC3B43100464028 /* Release */,
			);
			defaultConfigurationIsVisible = 0;
			defaultConfigurationName = Release;
		};
/* End XCConfigurationList section */
	};
	rootObject = A146F7311CC3B43100464028 /* Project object */;
}
